
Microsoft Visual Studio Solution File, Format Version 12.00
# Visual Studio Version 16
VisualStudioVersion = 16.0.29025.244
MinimumVisualStudioVersion = 10.0.40219.1
Project("{FAE04EC0-301F-11D3-BF4B-00C04F79EFBC}") = "CalcLibrary", "CalcLibrary\CalcLibrary.csproj", "{75C9AB35-D587-4282-8335-74D950577337}"
EndProject
Project("{FAE04EC0-301F-11D3-BF4B-00C04F79EFBC}") = "CalcLibrary.Test", "CalcLibrary.Test\CalcLibrary.Test.csproj", "{BD1C3C2B-ACC6-4A33-9C6F-5D71B8F7F7D8}"
EndProject
Global
	GlobalSection(SolutionConfigurationPlatforms) = preSolution
		Debug|Any CPU = Debug|Any CPU
		Release|Any CPU = Release|Any CPU
	EndGlobalSection
	GlobalSection(ProjectConfigurationPlatforms) = postSolution
		{75C9AB35-D587-4282-8335-74D950577337}.Debug|Any CPU.ActiveCfg = Debug|Any CPU
		{75C9AB35-D587-4282-8335-74D950577337}.Debug|Any CPU.Build.0 = Debug|Any CPU
		{75C9AB35-D587-4282-8335-74D950577337}.Release|Any CPU.ActiveCfg = Release|Any CPU
		{75C9AB35-D587-4282-8335-74D950577337}.Release|Any CPU.Build.0 = Release|Any CPU
		{BD1C3C2B-ACC6-4A33-9C6F-5D71B8F7F7D8}.Debug|Any CPU.ActiveCfg = Debug|Any CPU
		{BD1C3C2B-ACC6-4A33-9C6F-5D71B8F7F7D8}.Debug|Any CPU.Build.0 = Debug|Any CPU
		{BD1C3C2B-ACC6-4A33-9C6F-5D71B8F7F7D8}.Release|Any CPU.ActiveCfg = Release|Any CPU
		{BD1C3C2B-ACC6-4A33-9C6F-5D71B8F7F7D8}.Release|Any CPU.Build.0 = Release|Any CPU
	EndGlobalSection
	GlobalSection(SolutionProperties) = preSolution
		HideSolutionNode = FALSE
	EndGlobalSection
	GlobalSection(ExtensibilityGlobals) = postSolution
		SolutionGuid = {CD99D598-3850-4CEF-B2D4-1DC68FE23369}
	EndGlobalSection
EndGlobal
